
Microsoft Visual Studio Solution File, Format Version 12.00
# Visual Studio Version 17
VisualStudioVersion = 17.7.34003.232
MinimumVisualStudioVersion = 10.0.40219.1
Project("{FAE04EC0-301F-11D3-BF4B-00C04F79EFBC}") = "Bucles", "Bucles.csproj", "{166DDC65-C98C-4512-A1A6-976C63641E21}"
EndProject
Global
	GlobalSection(SolutionConfigurationPlatforms) = preSolution
		Debug|Any CPU = Debug|Any CPU
		Release|Any CPU = Release|Any CPU
	EndGlobalSection
	GlobalSection(ProjectConfigurationPlatforms) = postSolution
		{166DDC65-C98C-4512-A1A6-976C63641E21}.Debug|Any CPU.ActiveCfg = Debug|Any CPU
		{166DDC65-C98C-4512-A1A6-976C63641E21}.Debug|Any CPU.Build.0 = Debug|Any CPU
		{166DDC65-C98C-4512-A1A6-976C63641E21}.Release|Any CPU.ActiveCfg = Release|Any CPU
		{166DDC65-C98C-4512-A1A6-976C63641E21}.Release|Any CPU.Build.0 = Release|Any CPU
	EndGlobalSection
	GlobalSection(SolutionProperties) = preSolution
		HideSolutionNode = FALSE
	EndGlobalSection
	GlobalSection(ExtensibilityGlobals) = postSolution
		SolutionGuid = {D13E1A35-946B-4D28-A10A-55CF74C0ACE0}
	EndGlobalSection
EndGlobal
