
Microsoft Visual Studio Solution File, Format Version 12.00
# Visual Studio Version 17
VisualStudioVersion = 17.7.34003.232
MinimumVisualStudioVersion = 10.0.40219.1
Project("{FAE04EC0-301F-11D3-BF4B-00C04F79EFBC}") = "DunderMifflinData", "DunderMifflinData\DunderMifflinData.csproj", "{12BDDC6D-31B0-4844-BCEE-72E263ECFC92}"
EndProject
Global
	GlobalSection(SolutionConfigurationPlatforms) = preSolution
		Debug|Any CPU = Debug|Any CPU
		Release|Any CPU = Release|Any CPU
	EndGlobalSection
	GlobalSection(ProjectConfigurationPlatforms) = postSolution
		{12BDDC6D-31B0-4844-BCEE-72E263ECFC92}.Debug|Any CPU.ActiveCfg = Debug|Any CPU
		{12BDDC6D-31B0-4844-BCEE-72E263ECFC92}.Debug|Any CPU.Build.0 = Debug|Any CPU
		{12BDDC6D-31B0-4844-BCEE-72E263ECFC92}.Release|Any CPU.ActiveCfg = Release|Any CPU
		{12BDDC6D-31B0-4844-BCEE-72E263ECFC92}.Release|Any CPU.Build.0 = Release|Any CPU
	EndGlobalSection
	GlobalSection(SolutionProperties) = preSolution
		HideSolutionNode = FALSE
	EndGlobalSection
	GlobalSection(ExtensibilityGlobals) = postSolution
		SolutionGuid = {CDF65D32-88D4-4E6D-A79D-ACE5F89F8CA2}
	EndGlobalSection
EndGlobal
