
Microsoft Visual Studio Solution File, Format Version 12.00
# Visual Studio Version 17
VisualStudioVersion = 17.7.34018.315
MinimumVisualStudioVersion = 10.0.40219.1
Project("{FAE04EC0-301F-11D3-BF4B-00C04F79EFBC}") = "ComboBoxYCheckBox", "ComboBoxYCheckBox.csproj", "{3584DBB3-771E-4811-A5CB-2A8954F751F0}"
EndProject
Global
	GlobalSection(SolutionConfigurationPlatforms) = preSolution
		Debug|Any CPU = Debug|Any CPU
		Release|Any CPU = Release|Any CPU
	EndGlobalSection
	GlobalSection(ProjectConfigurationPlatforms) = postSolution
		{3584DBB3-771E-4811-A5CB-2A8954F751F0}.Debug|Any CPU.ActiveCfg = Debug|Any CPU
		{3584DBB3-771E-4811-A5CB-2A8954F751F0}.Debug|Any CPU.Build.0 = Debug|Any CPU
		{3584DBB3-771E-4811-A5CB-2A8954F751F0}.Release|Any CPU.ActiveCfg = Release|Any CPU
		{3584DBB3-771E-4811-A5CB-2A8954F751F0}.Release|Any CPU.Build.0 = Release|Any CPU
	EndGlobalSection
	GlobalSection(SolutionProperties) = preSolution
		HideSolutionNode = FALSE
	EndGlobalSection
	GlobalSection(ExtensibilityGlobals) = postSolution
		SolutionGuid = {64AD50C1-C4E7-4C08-80C0-D2612A119B11}
	EndGlobalSection
EndGlobal
